{
  "name": "ShadowsocksR-Windows",
  "lockfileVersion": 3,
  "requires": true,
  "packages": {
    "": {
      "dependencies": {
        "@neuralsea/unified-agent-sdk": "^0.1.4"
      }
    },
    "node_modules/@neuralsea/unified-agent-sdk": {
      "version": "0.1.4",
      "resolved": "https://registry.npmjs.org/@neuralsea/unified-agent-sdk/-/unified-agent-sdk-0.1.4.tgz",
      "integrity": "sha512-ALwdX5AUba/o+uvEg4XtUIGz1m5erkRdXRYwmVzZWTM40egmgAQbgFVOeV3DStQZrNDX0fquRwutpX5jDrlUrQ==",
      "license": "MIT",
      "dependencies": {
        "uuid": "^9.0.1"
      },
      "engines": {
        "node": ">=18"
      },
      "peerDependencies": {
        "@ai-sdk/anthropic": ">=2.0.0",
        "@ai-sdk/gateway": ">=0.0.0",
        "@ai-sdk/openai": ">=2.0.0",
        "@augmentcode/auggie-sdk": ">=0.0.0",
        "ai": ">=6.0.0",
        "ollama": ">=0.0.0"
      },
      "peerDependenciesMeta": {
        "@ai-sdk/anthropic": {
          "optional": true
        },
        "@ai-sdk/gateway": {
          "optional": true
        },
        "@ai-sdk/openai": {
          "optional": true
        },
        "@augmentcode/auggie-sdk": {
          "optional": true
        },
        "ai": {
          "optional": true
        },
        "ollama": {
          "optional": true
        }
      }
    },
    "node_modules/uuid": {
      "version": "9.0.1",
      "resolved": "https://registry.npmjs.org/uuid/-/uuid-9.0.1.tgz",
      "integrity": "sha512-b+1eJOlsR9K8HJpow9Ok3fiWOWSIcIzXodvv0rQjVoOVNpWMpxf1wZNpt4y9h10odCNrqnYp1OBzRktckBe3sA==",
      "deprecated": "uuid@10 and below is no longer supported.  For ESM codebases, update to uuid@latest.  For CommonJS codebases, use uuid@11 (but be aware this version will likely be deprecated in 2028).",
      "funding": [
        "https://github.com/sponsors/broofa",
        "https://github.com/sponsors/ctavan"
      ],
      "license": "MIT",
      "bin": {
        "uuid": "dist/bin/uuid"
      }
    }
  }
}
